
Microsoft Visual Studio Solution File, Format Version 12.00
# Visual Studio Version 16
Project("{8BC9CEB8-8B4A-11D0-8D11-00A0C91BC942}") = "ALL_BUILD", "ALL_BUILD.vcxproj", "{0C9FBF12-AA16-3097-8FDF-5140F47CD463}"
	ProjectSection(ProjectDependencies) = postProject
		{5EB86424-782E-3372-83FD-160740181493} = {5EB86424-782E-3372-83FD-160740181493}
		{572EEA65-4DA7-38CE-AB8E-6AD6001497E6} = {572EEA65-4DA7-38CE-AB8E-6AD6001497E6}
	EndProjectSection
EndProject
Project("{8BC9CEB8-8B4A-11D0-8D11-00A0C91BC942}") = "ZERO_CHECK", "..\\ZERO_CHECK.vcxproj", "{5EB86424-782E-3372-83FD-160740181493}"
	ProjectSection(ProjectDependencies) = postProject
	EndProjectSection
EndProject
Project("{8BC9CEB8-8B4A-11D0-8D11-00A0C91BC942}") = "glad", "glad.vcxproj", "{572EEA65-4DA7-38CE-AB8E-6AD6001497E6}"
	ProjectSection(ProjectDependencies) = postProject
		{5EB86424-782E-3372-83FD-160740181493} = {5EB86424-782E-3372-83FD-160740181493}
	EndProjectSection
EndProject
Global
	GlobalSection(SolutionConfigurationPlatforms) = preSolution
		Debug|x64 = Debug|x64
		Release|x64 = Release|x64
		MinSizeRel|x64 = MinSizeRel|x64
		RelWithDebInfo|x64 = RelWithDebInfo|x64
	EndGlobalSection
	GlobalSection(ProjectConfigurationPlatforms) = postSolution
		{0C9FBF12-AA16-3097-8FDF-5140F47CD463}.Debug|x64.ActiveCfg = Debug|x64
		{0C9FBF12-AA16-3097-8FDF-5140F47CD463}.Release|x64.ActiveCfg = Release|x64
		{0C9FBF12-AA16-3097-8FDF-5140F47CD463}.MinSizeRel|x64.ActiveCfg = MinSizeRel|x64
		{0C9FBF12-AA16-3097-8FDF-5140F47CD463}.RelWithDebInfo|x64.ActiveCfg = RelWithDebInfo|x64
		{5EB86424-782E-3372-83FD-160740181493}.Debug|x64.ActiveCfg = Debug|x64
		{5EB86424-782E-3372-83FD-160740181493}.Debug|x64.Build.0 = Debug|x64
		{5EB86424-782E-3372-83FD-160740181493}.Release|x64.ActiveCfg = Release|x64
		{5EB86424-782E-3372-83FD-160740181493}.Release|x64.Build.0 = Release|x64
		{5EB86424-782E-3372-83FD-160740181493}.MinSizeRel|x64.ActiveCfg = MinSizeRel|x64
		{5EB86424-782E-3372-83FD-160740181493}.MinSizeRel|x64.Build.0 = MinSizeRel|x64
		{5EB86424-782E-3372-83FD-160740181493}.RelWithDebInfo|x64.ActiveCfg = RelWithDebInfo|x64
		{5EB86424-782E-3372-83FD-160740181493}.RelWithDebInfo|x64.Build.0 = RelWithDebInfo|x64
		{572EEA65-4DA7-38CE-AB8E-6AD6001497E6}.Debug|x64.ActiveCfg = Debug|x64
		{572EEA65-4DA7-38CE-AB8E-6AD6001497E6}.Debug|x64.Build.0 = Debug|x64
		{572EEA65-4DA7-38CE-AB8E-6AD6001497E6}.Release|x64.ActiveCfg = Release|x64
		{572EEA65-4DA7-38CE-AB8E-6AD6001497E6}.Release|x64.Build.0 = Release|x64
		{572EEA65-4DA7-38CE-AB8E-6AD6001497E6}.MinSizeRel|x64.ActiveCfg = MinSizeRel|x64
		{572EEA65-4DA7-38CE-AB8E-6AD6001497E6}.MinSizeRel|x64.Build.0 = MinSizeRel|x64
		{572EEA65-4DA7-38CE-AB8E-6AD6001497E6}.RelWithDebInfo|x64.ActiveCfg = RelWithDebInfo|x64
		{572EEA65-4DA7-38CE-AB8E-6AD6001497E6}.RelWithDebInfo|x64.Build.0 = RelWithDebInfo|x64
	EndGlobalSection
	GlobalSection(ExtensibilityGlobals) = postSolution
		SolutionGuid = {AA108FAE-F7CB-3254-B17E-F9965E2022CA}
	EndGlobalSection
	GlobalSection(ExtensibilityAddIns) = postSolution
	EndGlobalSection
EndGlobal
