<?xml version="1.0" encoding="utf-8"?>
<Project ToolsVersion="16.0" xmlns="http://schemas.microsoft.com/developer/msbuild/2003">
  <ItemGroup>
    <ClCompile Include="C:\Repos\Ray\Project Ray\glad\src\glad.c">
      <Filter>Source Files</Filter>
    </ClCompile>
  </ItemGroup>
  <ItemGroup>
    <CustomBuild Include="C:\Repos\Ray\Project Ray\glad\CMakeLists.txt" />
  </ItemGroup>
  <ItemGroup>
    <Filter Include="Source Files">
      <UniqueIdentifier>{AE8828FE-FF37-36F6-8DC5-AEFFA22D3B52}</UniqueIdentifier>
    </Filter>
  </ItemGroup>
</Project>
